
Microsoft Visual Studio Solution File, Format Version 12.00
# Visual Studio Version 17
VisualStudioVersion = 17.7.34221.43
MinimumVisualStudioVersion = 10.0.40219.1
Project("{9A19103F-16F7-4668-BE54-9A1E7A4F7556}") = "HackerNews.WebApi", "HackerNews.WebApi\HackerNews.WebApi.csproj", "{E127B1AF-4776-401D-82CA-FCF8389FBC1B}"
EndProject
Project("{9A19103F-16F7-4668-BE54-9A1E7A4F7556}") = "HackerNews.Common", "HackerNews.Common\HackerNews.Common.csproj", "{8294A707-E92A-4EF4-BFCA-94EDB3376817}"
EndProject
Project("{9A19103F-16F7-4668-BE54-9A1E7A4F7556}") = "HackerNews.Service", "HackerNews.Service\HackerNews.Service.csproj", "{AB39768A-84C6-496A-9E6A-043F9CC40016}"
EndProject
Project("{9A19103F-16F7-4668-BE54-9A1E7A4F7556}") = "HackerNews.UnitTests", "HackerNews.UnitTests\HackerNews.UnitTests.csproj", "{9327AD44-8785-4063-8B85-BC0015B6FA64}"
EndProject
Global
	GlobalSection(SolutionConfigurationPlatforms) = preSolution
		Debug|Any CPU = Debug|Any CPU
		Release|Any CPU = Release|Any CPU
	EndGlobalSection
	GlobalSection(ProjectConfigurationPlatforms) = postSolution
		{E127B1AF-4776-401D-82CA-FCF8389FBC1B}.Debug|Any CPU.ActiveCfg = Debug|Any CPU
		{E127B1AF-4776-401D-82CA-FCF8389FBC1B}.Debug|Any CPU.Build.0 = Debug|Any CPU
		{E127B1AF-4776-401D-82CA-FCF8389FBC1B}.Release|Any CPU.ActiveCfg = Release|Any CPU
		{E127B1AF-4776-401D-82CA-FCF8389FBC1B}.Release|Any CPU.Build.0 = Release|Any CPU
		{8294A707-E92A-4EF4-BFCA-94EDB3376817}.Debug|Any CPU.ActiveCfg = Debug|Any CPU
		{8294A707-E92A-4EF4-BFCA-94EDB3376817}.Debug|Any CPU.Build.0 = Debug|Any CPU
		{8294A707-E92A-4EF4-BFCA-94EDB3376817}.Release|Any CPU.ActiveCfg = Release|Any CPU
		{8294A707-E92A-4EF4-BFCA-94EDB3376817}.Release|Any CPU.Build.0 = Release|Any CPU
		{AB39768A-84C6-496A-9E6A-043F9CC40016}.Debug|Any CPU.ActiveCfg = Debug|Any CPU
		{AB39768A-84C6-496A-9E6A-043F9CC40016}.Debug|Any CPU.Build.0 = Debug|Any CPU
		{AB39768A-84C6-496A-9E6A-043F9CC40016}.Release|Any CPU.ActiveCfg = Release|Any CPU
		{AB39768A-84C6-496A-9E6A-043F9CC40016}.Release|Any CPU.Build.0 = Release|Any CPU
		{9327AD44-8785-4063-8B85-BC0015B6FA64}.Debug|Any CPU.ActiveCfg = Debug|Any CPU
		{9327AD44-8785-4063-8B85-BC0015B6FA64}.Debug|Any CPU.Build.0 = Debug|Any CPU
		{9327AD44-8785-4063-8B85-BC0015B6FA64}.Release|Any CPU.ActiveCfg = Release|Any CPU
		{9327AD44-8785-4063-8B85-BC0015B6FA64}.Release|Any CPU.Build.0 = Release|Any CPU
	EndGlobalSection
	GlobalSection(SolutionProperties) = preSolution
		HideSolutionNode = FALSE
	EndGlobalSection
	GlobalSection(ExtensibilityGlobals) = postSolution
		SolutionGuid = {8661323B-D098-4211-A46A-6817C8F8FC22}
	EndGlobalSection
EndGlobal
